// !$*UTF8*$!
{
	archiveVersion = 1;
	classes = {
	};
	objectVersion = 50;
	objects = {

/* Begin PBXBuildFile section */
		DC3C86C827D0C7B000D20F1D /* ListRowView.swift in Sources */ = {isa = PBXBuildFile; fileRef = DC3C86C727D0C7B000D20F1D /* ListRowView.swift */; };
		DC3C86CA27D0CBC200D20F1D /* AddView.swift in Sources */ = {isa = PBXBuildFile; fileRef = DC3C86C927D0CBC200D20F1D /* AddView.swift */; };
		DC3C86CD27D0D17E00D20F1D /* ItemModel.swift in Sources */ = {isa = PBXBuildFile; fileRef = DC3C86CC27D0D17E00D20F1D /* ItemModel.swift */; };
		DC3C86D027D1977F00D20F1D /* ListViewModel.swift in Sources */ = {isa = PBXBuildFile; fileRef = DC3C86CF27D1977F00D20F1D /* ListViewModel.swift */; };
		DC3C86D227D1C27800D20F1D /* NoItemsView.swift in Sources */ = {isa = PBXBuildFile; fileRef = DC3C86D127D1C27800D20F1D /* NoItemsView.swift */; };
		DC3C86D627D1D46C00D20F1D /* LaunchScreen.storyboard in Resources */ = {isa = PBXBuildFile; fileRef = DC3C86D527D1D46C00D20F1D /* LaunchScreen.storyboard */; };
		DC925DC527D0976D000585F5 /* TodoListApp.swift in Sources */ = {isa = PBXBuildFile; fileRef = DC925DC427D0976D000585F5 /* TodoListApp.swift */; };
		DC925DC927D0976D000585F5 /* Assets.xcassets in Resources */ = {isa = PBXBuildFile; fileRef = DC925DC827D0976D000585F5 /* Assets.xcassets */; };
		DC925DCC27D0976D000585F5 /* Preview Assets.xcassets in Resources */ = {isa = PBXBuildFile; fileRef = DC925DCB27D0976D000585F5 /* Preview Assets.xcassets */; };
		DC925DD527D097F8000585F5 /* ListView.swift in Sources */ = {isa = PBXBuildFile; fileRef = DC925DD427D097F8000585F5 /* ListView.swift */; };
/* End PBXBuildFile section */

/* Begin PBXFileReference section */
		DC3C86C727D0C7B000D20F1D /* ListRowView.swift */ = {isa = PBXFileReference; lastKnownFileType = sourcecode.swift; path = ListRowView.swift; sourceTree = "<group>"; };
		DC3C86C927D0CBC200D20F1D /* AddView.swift */ = {isa = PBXFileReference; lastKnownFileType = sourcecode.swift; path = AddView.swift; sourceTree = "<group>"; };
		DC3C86CC27D0D17E00D20F1D /* ItemModel.swift */ = {isa = PBXFileReference; lastKnownFileType = sourcecode.swift; path = ItemModel.swift; sourceTree = "<group>"; };
		DC3C86CF27D1977F00D20F1D /* ListViewModel.swift */ = {isa = PBXFileReference; lastKnownFileType = sourcecode.swift; path = ListViewModel.swift; sourceTree = "<group>"; };
		DC3C86D127D1C27800D20F1D /* NoItemsView.swift */ = {isa = PBXFileReference; lastKnownFileType = sourcecode.swift; path = NoItemsView.swift; sourceTree = "<group>"; };
		DC3C86D527D1D46C00D20F1D /* LaunchScreen.storyboard */ = {isa = PBXFileReference; lastKnownFileType = file.storyboard; path = LaunchScreen.storyboard; sourceTree = "<group>"; };
		DC925DC127D0976D000585F5 /* TodoList.app */ = {isa = PBXFileReference; explicitFileType = wrapper.application; includeInIndex = 0; path = TodoList.app; sourceTree = BUILT_PRODUCTS_DIR; };
		DC925DC427D0976D000585F5 /* TodoListApp.swift */ = {isa = PBXFileReference; lastKnownFileType = sourcecode.swift; path = TodoListApp.swift; sourceTree = "<group>"; };
		DC925DC827D0976D000585F5 /* Assets.xcassets */ = {isa = PBXFileReference; lastKnownFileType = folder.assetcatalog; path = Assets.xcassets; sourceTree = "<group>"; };
		DC925DCB27D0976D000585F5 /* Preview Assets.xcassets */ = {isa = PBXFileReference; lastKnownFileType = folder.assetcatalog; path = "Preview Assets.xcassets"; sourceTree = "<group>"; };
		DC925DCD27D0976D000585F5 /* Info.plist */ = {isa = PBXFileReference; lastKnownFileType = text.plist.xml; path = Info.plist; sourceTree = "<group>"; };
		DC925DD427D097F8000585F5 /* ListView.swift */ = {isa = PBXFileReference; lastKnownFileType = sourcecode.swift; path = ListView.swift; sourceTree = "<group>"; };
/* End PBXFileReference section */

/* Begin PBXFrameworksBuildPhase section */
		DC925DBE27D0976D000585F5 /* Frameworks */ = {
			isa = PBXFrameworksBuildPhase;
			buildActionMask = 2147483647;
			files = (
			);
			runOnlyForDeploymentPostprocessing = 0;
		};
/* End PBXFrameworksBuildPhase section */

/* Begin PBXGroup section */
		DC3C86CB27D0D16300D20F1D /* Models */ = {
			isa = PBXGroup;
			children = (
				DC3C86CC27D0D17E00D20F1D /* ItemModel.swift */,
			);
			path = Models;
			sourceTree = "<group>";
		};
		DC3C86CE27D1975E00D20F1D /* ViewModels */ = {
			isa = PBXGroup;
			children = (
				DC3C86CF27D1977F00D20F1D /* ListViewModel.swift */,
			);
			path = ViewModels;
			sourceTree = "<group>";
		};
		DC925DB827D0976D000585F5 = {
			isa = PBXGroup;
			children = (
				DC925DC327D0976D000585F5 /* TodoList */,
				DC925DC227D0976D000585F5 /* Products */,
			);
			sourceTree = "<group>";
		};
		DC925DC227D0976D000585F5 /* Products */ = {
			isa = PBXGroup;
			children = (
				DC925DC127D0976D000585F5 /* TodoList.app */,
			);
			name = Products;
			sourceTree = "<group>";
		};
		DC925DC327D0976D000585F5 /* TodoList */ = {
			isa = PBXGroup;
			children = (
				DC3C86CE27D1975E00D20F1D /* ViewModels */,
				DC3C86CB27D0D16300D20F1D /* Models */,
				DC925DD327D097DE000585F5 /* Views */,
				DC925DC427D0976D000585F5 /* TodoListApp.swift */,
				DC925DC827D0976D000585F5 /* Assets.xcassets */,
				DC925DCD27D0976D000585F5 /* Info.plist */,
				DC925DCA27D0976D000585F5 /* Preview Content */,
			);
			path = TodoList;
			sourceTree = "<group>";
		};
		DC925DCA27D0976D000585F5 /* Preview Content */ = {
			isa = PBXGroup;
			children = (
				DC925DCB27D0976D000585F5 /* Preview Assets.xcassets */,
			);
			path = "Preview Content";
			sourceTree = "<group>";
		};
		DC925DD327D097DE000585F5 /* Views */ = {
			isa = PBXGroup;
			children = (
				DC925DD427D097F8000585F5 /* ListView.swift */,
				DC3C86C727D0C7B000D20F1D /* ListRowView.swift */,
				DC3C86C927D0CBC200D20F1D /* AddView.swift */,
				DC3C86D127D1C27800D20F1D /* NoItemsView.swift */,
				DC3C86D527D1D46C00D20F1D /* LaunchScreen.storyboard */,
			);
			path = Views;
			sourceTree = "<group>";
		};
/* End PBXGroup section */

/* Begin PBXNativeTarget section */
		DC925DC027D0976D000585F5 /* TodoList */ = {
			isa = PBXNativeTarget;
			buildConfigurationList = DC925DD027D0976D000585F5 /* Build configuration list for PBXNativeTarget "TodoList" */;
			buildPhases = (
				DC925DBD27D0976D000585F5 /* Sources */,
				DC925DBE27D0976D000585F5 /* Frameworks */,
				DC925DBF27D0976D000585F5 /* Resources */,
			);
			buildRules = (
			);
			dependencies = (
			);
			name = TodoList;
			productName = TodoList;
			productReference = DC925DC127D0976D000585F5 /* TodoList.app */;
			productType = "com.apple.product-type.application";
		};
/* End PBXNativeTarget section */

/* Begin PBXProject section */
		DC925DB927D0976D000585F5 /* Project object */ = {
			isa = PBXProject;
			attributes = {
				LastSwiftUpdateCheck = 1250;
				LastUpgradeCheck = 1250;
				TargetAttributes = {
					DC925DC027D0976D000585F5 = {
						CreatedOnToolsVersion = 12.5.1;
					};
				};
			};
			buildConfigurationList = DC925DBC27D0976D000585F5 /* Build configuration list for PBXProject "TodoList" */;
			compatibilityVersion = "Xcode 9.3";
			developmentRegion = en;
			hasScannedForEncodings = 0;
			knownRegions = (
				en,
				Base,
			);
			mainGroup = DC925DB827D0976D000585F5;
			productRefGroup = DC925DC227D0976D000585F5 /* Products */;
			projectDirPath = "";
			projectRoot = "";
			targets = (
				DC925DC027D0976D000585F5 /* TodoList */,
			);
		};
/* End PBXProject section */

/* Begin PBXResourcesBuildPhase section */
		DC925DBF27D0976D000585F5 /* Resources */ = {
			isa = PBXResourcesBuildPhase;
			buildActionMask = 2147483647;
			files = (
				DC3C86D627D1D46C00D20F1D /* LaunchScreen.storyboard in Resources */,
				DC925DCC27D0976D000585F5 /* Preview Assets.xcassets in Resources */,
				DC925DC927D0976D000585F5 /* Assets.xcassets in Resources */,
			);
			runOnlyForDeploymentPostprocessing = 0;
		};
/* End PBXResourcesBuildPhase section */

/* Begin PBXSourcesBuildPhase section */
		DC925DBD27D0976D000585F5 /* Sources */ = {
			isa = PBXSourcesBuildPhase;
			buildActionMask = 2147483647;
			files = (
				DC3C86CD27D0D17E00D20F1D /* ItemModel.swift in Sources */,
				DC3C86CA27D0CBC200D20F1D /* AddView.swift in Sources */,
				DC3C86D027D1977F00D20F1D /* ListViewModel.swift in Sources */,
				DC925DC527D0976D000585F5 /* TodoListApp.swift in Sources */,
				DC925DD527D097F8000585F5 /* ListView.swift in Sources */,
				DC3C86C827D0C7B000D20F1D /* ListRowView.swift in Sources */,
				DC3C86D227D1C27800D20F1D /* NoItemsView.swift in Sources */,
			);
			runOnlyForDeploymentPostprocessing = 0;
		};
/* End PBXSourcesBuildPhase section */

/* Begin XCBuildConfiguration section */
		DC925DCE27D0976D000585F5 /* Debug */ = {
			isa = XCBuildConfiguration;
			buildSettings = {
				ALWAYS_SEARCH_USER_PATHS = NO;
				CLANG_ANALYZER_NONNULL = YES;
				CLANG_ANALYZER_NUMBER_OBJECT_CONVERSION = YES_AGGRESSIVE;
				CLANG_CXX_LANGUAGE_STANDARD = "gnu++14";
				CLANG_CXX_LIBRARY = "libc++";
				CLANG_ENABLE_MODULES = YES;
				CLANG_ENABLE_OBJC_ARC = YES;
				CLANG_ENABLE_OBJC_WEAK = YES;
				CLANG_WARN_BLOCK_CAPTURE_AUTORELEASING = YES;
				CLANG_WARN_BOOL_CONVERSION = YES;
				CLANG_WARN_COMMA = YES;
				CLANG_WARN_CONSTANT_CONVERSION = YES;
				CLANG_WARN_DEPRECATED_OBJC_IMPLEMENTATIONS = YES;
				CLANG_WARN_DIRECT_OBJC_ISA_USAGE = YES_ERROR;
				CLANG_WARN_DOCUMENTATION_COMMENTS = YES;
				CLANG_WARN_EMPTY_BODY = YES;
				CLANG_WARN_ENUM_CONVERSION = YES;
				CLANG_WARN_INFINITE_RECURSION = YES;
				CLANG_WARN_INT_CONVERSION = YES;
				CLANG_WARN_NON_LITERAL_NULL_CONVERSION = YES;
				CLANG_WARN_OBJC_IMPLICIT_RETAIN_SELF = YES;
				CLANG_WARN_OBJC_LITERAL_CONVERSION = YES;
				CLANG_WARN_OBJC_ROOT_CLASS = YES_ERROR;
				CLANG_WARN_QUOTED_INCLUDE_IN_FRAMEWORK_HEADER = YES;
				CLANG_WARN_RANGE_LOOP_ANALYSIS = YES;
				CLANG_WARN_STRICT_PROTOTYPES = YES;
				CLANG_WARN_SUSPICIOUS_MOVE = YES;
				CLANG_WARN_UNGUARDED_AVAILABILITY = YES_AGGRESSIVE;
				CLANG_WARN_UNREACHABLE_CODE = YES;
				CLANG_WARN__DUPLICATE_METHOD_MATCH = YES;
				COPY_PHASE_STRIP = NO;
				DEBUG_INFORMATION_FORMAT = dwarf;
				ENABLE_STRICT_OBJC_MSGSEND = YES;
				ENABLE_TESTABILITY = YES;
				GCC_C_LANGUAGE_STANDARD = gnu11;
				GCC_DYNAMIC_NO_PIC = NO;
				GCC_NO_COMMON_BLOCKS = YES;
				GCC_OPTIMIZATION_LEVEL = 0;
				GCC_PREPROCESSOR_DEFINITIONS = (
					"DEBUG=1",
					"$(inherited)",
				);
				GCC_WARN_64_TO_32_BIT_CONVERSION = YES;
				GCC_WARN_ABOUT_RETURN_TYPE = YES_ERROR;
				GCC_WARN_UNDECLARED_SELECTOR = YES;
				GCC_WARN_UNINITIALIZED_AUTOS = YES_AGGRESSIVE;
				GCC_WARN_UNUSED_FUNCTION = YES;
				GCC_WARN_UNUSED_VARIABLE = YES;
				IPHONEOS_DEPLOYMENT_TARGET = 14.5;
				MTL_ENABLE_DEBUG_INFO = INCLUDE_SOURCE;
				MTL_FAST_MATH = YES;
				ONLY_ACTIVE_ARCH = YES;
				SDKROOT = iphoneos;
				SWIFT_ACTIVE_COMPILATION_CONDITIONS = DEBUG;
				SWIFT_OPTIMIZATION_LEVEL = "-Onone";
			};
			name = Debug;
		};
		DC925DCF27D0976D000585F5 /* Release */ = {
			isa = XCBuildConfiguration;
			buildSettings = {
				ALWAYS_SEARCH_USER_PATHS = NO;
				CLANG_ANALYZER_NONNULL = YES;
				CLANG_ANALYZER_NUMBER_OBJECT_CONVERSION = YES_AGGRESSIVE;
				CLANG_CXX_LANGUAGE_STANDARD = "gnu++14";
				CLANG_CXX_LIBRARY = "libc++";
				CLANG_ENABLE_MODULES = YES;
				CLANG_ENABLE_OBJC_ARC = YES;
				CLANG_ENABLE_OBJC_WEAK = YES;
				CLANG_WARN_BLOCK_CAPTURE_AUTORELEASING = YES;
				CLANG_WARN_BOOL_CONVERSION = YES;
				CLANG_WARN_COMMA = YES;
				CLANG_WARN_CONSTANT_CONVERSION = YES;
				CLANG_WARN_DEPRECATED_OBJC_IMPLEMENTATIONS = YES;
				CLANG_WARN_DIRECT_OBJC_ISA_USAGE = YES_ERROR;
				CLANG_WARN_DOCUMENTATION_COMMENTS = YES;
				CLANG_WARN_EMPTY_BODY = YES;
				CLANG_WARN_ENUM_CONVERSION = YES;
				CLANG_WARN_INFINITE_RECURSION = YES;
				CLANG_WARN_INT_CONVERSION = YES;
				CLANG_WARN_NON_LITERAL_NULL_CONVERSION = YES;
				CLANG_WARN_OBJC_IMPLICIT_RETAIN_SELF = YES;
				CLANG_WARN_OBJC_LITERAL_CONVERSION = YES;
				CLANG_WARN_OBJC_ROOT_CLASS = YES_ERROR;
				CLANG_WARN_QUOTED_INCLUDE_IN_FRAMEWORK_HEADER = YES;
				CLANG_WARN_RANGE_LOOP_ANALYSIS = YES;
				CLANG_WARN_STRICT_PROTOTYPES = YES;
				CLANG_WARN_SUSPICIOUS_MOVE = YES;
				CLANG_WARN_UNGUARDED_AVAILABILITY = YES_AGGRESSIVE;
				CLANG_WARN_UNREACHABLE_CODE = YES;
				CLANG_WARN__DUPLICATE_METHOD_MATCH = YES;
				COPY_PHASE_STRIP = NO;
				DEBUG_INFORMATION_FORMAT = "dwarf-with-dsym";
				ENABLE_NS_ASSERTIONS = NO;
				ENABLE_STRICT_OBJC_MSGSEND = YES;
				GCC_C_LANGUAGE_STANDARD = gnu11;
				GCC_NO_COMMON_BLOCKS = YES;
				GCC_WARN_64_TO_32_BIT_CONVERSION = YES;
				GCC_WARN_ABOUT_RETURN_TYPE = YES_ERROR;
				GCC_WARN_UNDECLARED_SELECTOR = YES;
				GCC_WARN_UNINITIALIZED_AUTOS = YES_AGGRESSIVE;
				GCC_WARN_UNUSED_FUNCTION = YES;
				GCC_WARN_UNUSED_VARIABLE = YES;
				IPHONEOS_DEPLOYMENT_TARGET = 14.5;
				MTL_ENABLE_DEBUG_INFO = NO;
				MTL_FAST_MATH = YES;
				SDKROOT = iphoneos;
				SWIFT_COMPILATION_MODE = wholemodule;
				SWIFT_OPTIMIZATION_LEVEL = "-O";
				VALIDATE_PRODUCT = YES;
			};
			name = Release;
		};
		DC925DD127D0976D000585F5 /* Debug */ = {
			isa = XCBuildConfiguration;
			buildSettings = {
				ASSETCATALOG_COMPILER_APPICON_NAME = AppIcon;
				ASSETCATALOG_COMPILER_GLOBAL_ACCENT_COLOR_NAME = AccentColor;
				CODE_SIGN_STYLE = Automatic;
				DEVELOPMENT_ASSET_PATHS = "\"TodoList/Preview Content\"";
				DEVELOPMENT_TEAM = YL2MH86G3S;
				ENABLE_PREVIEWS = YES;
				INFOPLIST_FILE = TodoList/Info.plist;
				IPHONEOS_DEPLOYMENT_TARGET = 14.0;
				LD_RUNPATH_SEARCH_PATHS = (
					"$(inherited)",
					"@executable_path/Frameworks",
				);
				PRODUCT_BUNDLE_IDENTIFIER = com.kingerbhomik.TodoList;
				PRODUCT_NAME = "$(TARGET_NAME)";
				SWIFT_VERSION = 5.0;
				TARGETED_DEVICE_FAMILY = "1,2";
			};
			name = Debug;
		};
		DC925DD227D0976D000585F5 /* Release */ = {
			isa = XCBuildConfiguration;
			buildSettings = {
				ASSETCATALOG_COMPILER_APPICON_NAME = AppIcon;
				ASSETCATALOG_COMPILER_GLOBAL_ACCENT_COLOR_NAME = AccentColor;
				CODE_SIGN_STYLE = Automatic;
				DEVELOPMENT_ASSET_PATHS = "\"TodoList/Preview Content\"";
				DEVELOPMENT_TEAM = YL2MH86G3S;
				ENABLE_PREVIEWS = YES;
				INFOPLIST_FILE = TodoList/Info.plist;
				IPHONEOS_DEPLOYMENT_TARGET = 14.0;
				LD_RUNPATH_SEARCH_PATHS = (
					"$(inherited)",
					"@executable_path/Frameworks",
				);
				PRODUCT_BUNDLE_IDENTIFIER = com.kingerbhomik.TodoList;
				PRODUCT_NAME = "$(TARGET_NAME)";
				SWIFT_VERSION = 5.0;
				TARGETED_DEVICE_FAMILY = "1,2";
			};
			name = Release;
		};
/* End XCBuildConfiguration section */

/* Begin XCConfigurationList section */
		DC925DBC27D0976D000585F5 /* Build configuration list for PBXProject "TodoList" */ = {
			isa = XCConfigurationList;
			buildConfigurations = (
				DC925DCE27D0976D000585F5 /* Debug */,
				DC925DCF27D0976D000585F5 /* Release */,
			);
			defaultConfigurationIsVisible = 0;
			defaultConfigurationName = Release;
		};
		DC925DD027D0976D000585F5 /* Build configuration list for PBXNativeTarget "TodoList" */ = {
			isa = XCConfigurationList;
			buildConfigurations = (
				DC925DD127D0976D000585F5 /* Debug */,
				DC925DD227D0976D000585F5 /* Release */,
			);
			defaultConfigurationIsVisible = 0;
			defaultConfigurationName = Release;
		};
/* End XCConfigurationList section */
	};
	rootObject = DC925DB927D0976D000585F5 /* Project object */;
}
